PODS:
  - Flutter (1.0.0)
  - flutter_vk_sdk (0.0.1):
    - Flutter

DEPENDENCIES:
  - Flutter (from `.symlinks/flutter/ios-release`)
  - flutter_vk_sdk (from `.symlinks/plugins/flutter_vk_sdk/ios`)

EXTERNAL SOURCES:
  Flutter:
    :path: ".symlinks/flutter/ios-release"
  flutter_vk_sdk:
    :path: ".symlinks/plugins/flutter_vk_sdk/ios"

SPEC CHECKSUMS:
  Flutter: 9d0fac939486c9aba2809b7982dfdbb47a7b0296
  flutter_vk_sdk: 0825ebd38fb3d8d684b69a0e200958a4533992e1

PODFILE CHECKSUM: ebd43b443038e611b86ede96e613bd6033c49497

COCOAPODS: 1.5.0
